
Microsoft Visual Studio Solution File, Format Version 12.00
# Visual Studio Version 16
VisualStudioVersion = 16.0.31019.35
MinimumVisualStudioVersion = 10.0.40219.1
Project("{FAE04EC0-301F-11D3-BF4B-00C04F79EFBC}") = "ProductsCommonUsedImported", "ProductsCommonUsedImported\ProductsCommonUsedImported.csproj", "{2D65C749-1CA7-4166-ADC6-F64620A93D4E}"
EndProject
Global
	GlobalSection(SolutionConfigurationPlatforms) = preSolution
		Debug|Any CPU = Debug|Any CPU
		Release|Any CPU = Release|Any CPU
	EndGlobalSection
	GlobalSection(ProjectConfigurationPlatforms) = postSolution
		{2D65C749-1CA7-4166-ADC6-F64620A93D4E}.Debug|Any CPU.ActiveCfg = Debug|Any CPU
		{2D65C749-1CA7-4166-ADC6-F64620A93D4E}.Debug|Any CPU.Build.0 = Debug|Any CPU
		{2D65C749-1CA7-4166-ADC6-F64620A93D4E}.Release|Any CPU.ActiveCfg = Release|Any CPU
		{2D65C749-1CA7-4166-ADC6-F64620A93D4E}.Release|Any CPU.Build.0 = Release|Any CPU
	EndGlobalSection
	GlobalSection(SolutionProperties) = preSolution
		HideSolutionNode = FALSE
	EndGlobalSection
	GlobalSection(ExtensibilityGlobals) = postSolution
		SolutionGuid = {F9939C6A-2F25-490E-8268-47BBCBAF35C2}
	EndGlobalSection
EndGlobal
